
Microsoft Visual Studio Solution File, Format Version 12.00
# Visual Studio Version 16
VisualStudioVersion = 16.0.30523.141
MinimumVisualStudioVersion = 10.0.40219.1
Project("{FAE04EC0-301F-11D3-BF4B-00C04F79EFBC}") = "EOWwebpage", "EOWwebpage.csproj", "{DA2D8ED6-CEC3-425F-B666-BCFD7791661E}"
EndProject
Global
	GlobalSection(SolutionConfigurationPlatforms) = preSolution
		Debug|Any CPU = Debug|Any CPU
		Release|Any CPU = Release|Any CPU
	EndGlobalSection
	GlobalSection(ProjectConfigurationPlatforms) = postSolution
		{DA2D8ED6-CEC3-425F-B666-BCFD7791661E}.Debug|Any CPU.ActiveCfg = Debug|Any CPU
		{DA2D8ED6-CEC3-425F-B666-BCFD7791661E}.Debug|Any CPU.Build.0 = Debug|Any CPU
		{DA2D8ED6-CEC3-425F-B666-BCFD7791661E}.Release|Any CPU.ActiveCfg = Release|Any CPU
		{DA2D8ED6-CEC3-425F-B666-BCFD7791661E}.Release|Any CPU.Build.0 = Release|Any CPU
	EndGlobalSection
	GlobalSection(SolutionProperties) = preSolution
		HideSolutionNode = FALSE
	EndGlobalSection
	GlobalSection(ExtensibilityGlobals) = postSolution
		SolutionGuid = {BDA584B4-FF91-4EEF-A8FD-9500856A05A1}
	EndGlobalSection
EndGlobal
